<?xml version="1.0" encoding="utf-8"?>
<Project ToolsVersion="4.0" xmlns="http://schemas.microsoft.com/developer/msbuild/2003">
  <ItemGroup>
    <Filter Include="Source Files">
      <UniqueIdentifier>{4FC737F1-C7A5-4376-A066-2A32D752A2FF}</UniqueIdentifier>
      <Extensions>cpp;c;cc;cxx;def;odl;idl;hpj;bat;asm;asmx</Extensions>
    </Filter>
    <Filter Include="Header Files">
      <UniqueIdentifier>{93995380-89BD-4b04-88EB-625FBE52EBFB}</UniqueIdentifier>
      <Extensions>h;hpp;hxx;hm;inl;inc;xsd</Extensions>
    </Filter>
    <Filter Include="Header Files\mp">
      <UniqueIdentifier>{cd899ea2-eb42-4590-9a21-270bc322bc2d}</UniqueIdentifier>
    </Filter>
    <Filter Include="Resource Files">
      <UniqueIdentifier>{67DA6AB6-F800-4c08-8B7A-83BB121AAD01}</UniqueIdentifier>
      <Extensions>rc;ico;cur;bmp;dlg;rc2;rct;bin;rgs;gif;jpg;jpeg;jpe;resx;tiff;tif;png;wav</Extensions>
    </Filter>
  </ItemGroup>
  <ItemGroup>
    <ClCompile Include="src\atox.c">
      <Filter>Source Files</Filter>
    </ClCompile>
    <ClCompile Include="src\constant.c">
      <Filter>Source Files</Filter>
    </ClCompile>
    <ClCompile Include="src\cxaop.c">
      <Filter>Source Files</Filter>
    </ClCompile>
    <ClCompile Include="src\cxbasic.c">
      <Filter>Source Files</Filter>
    </ClCompile>
    <ClCompile Include="src\cxconstant.c">
      <Filter>Source Files</Filter>
    </ClCompile>
    <ClCompile Include="src\cxconvf.c">
      <Filter>Source Files</Filter>
    </ClCompile>
    <ClCompile Include="src\cxexp.c">
      <Filter>Source Files</Filter>
    </ClCompile>
    <ClCompile Include="src\cxhypb.c">
      <Filter>Source Files</Filter>
    </ClCompile>
    <ClCompile Include="src\cxidiv.c">
      <Filter>Source Files</Filter>
    </ClCompile>
    <ClCompile Include="src\cxpow.c">
      <Filter>Source Files</Filter>
    </ClCompile>
    <ClCompile Include="src\cxprcmp.c">
      <Filter>Source Files</Filter>
    </ClCompile>
    <ClCompile Include="src\cxtrig.c">
      <Filter>Source Files</Filter>
    </ClCompile>
    <ClCompile Include="src\prcxpr.c">
      <Filter>Source Files</Filter>
    </ClCompile>
    <ClCompile Include="src\print.c">
      <Filter>Source Files</Filter>
    </ClCompile>
    <ClCompile Include="src\prxpr.c">
      <Filter>Source Files</Filter>
    </ClCompile>
    <ClCompile Include="src\sfmod.c">
      <Filter>Source Files</Filter>
    </ClCompile>
    <ClCompile Include="src\shift.c">
      <Filter>Source Files</Filter>
    </ClCompile>
    <ClCompile Include="src\xadd.c">
      <Filter>Source Files</Filter>
    </ClCompile>
    <ClCompile Include="src\xchcof.c">
      <Filter>Source Files</Filter>
    </ClCompile>
    <ClCompile Include="src\xdiv.c">
      <Filter>Source Files</Filter>
    </ClCompile>
    <ClCompile Include="src\xevtch.c">
      <Filter>Source Files</Filter>
    </ClCompile>
    <ClCompile Include="src\xexp.c">
      <Filter>Source Files</Filter>
    </ClCompile>
    <ClCompile Include="src\xfmod.c">
      <Filter>Source Files</Filter>
    </ClCompile>
    <ClCompile Include="src\xfrac.c">
      <Filter>Source Files</Filter>
    </ClCompile>
    <ClCompile Include="src\xhypb.c">
      <Filter>Source Files</Filter>
    </ClCompile>
    <ClCompile Include="src\xivhypb.c">
      <Filter>Source Files</Filter>
    </ClCompile>
    <ClCompile Include="src\xivtrg.c">
      <Filter>Source Files</Filter>
    </ClCompile>
    <ClCompile Include="src\xlog.c">
      <Filter>Source Files</Filter>
    </ClCompile>
    <ClCompile Include="src\xmul.c">
      <Filter>Source Files</Filter>
    </ClCompile>
    <ClCompile Include="src\xneg.c">
      <Filter>Source Files</Filter>
    </ClCompile>
    <ClCompile Include="src\xprcmp.c">
      <Filter>Source Files</Filter>
    </ClCompile>
    <ClCompile Include="src\xpwr.c">
      <Filter>Source Files</Filter>
    </ClCompile>
    <ClCompile Include="src\xsigerr.c">
      <Filter>Source Files</Filter>
    </ClCompile>
    <ClCompile Include="src\xsqrt.c">
      <Filter>Source Files</Filter>
    </ClCompile>
    <ClCompile Include="src\xtodbl.c">
      <Filter>Source Files</Filter>
    </ClCompile>
    <ClCompile Include="src\xtoflt.c">
      <Filter>Source Files</Filter>
    </ClCompile>
    <ClCompile Include="src\xtrig.c">
      <Filter>Source Files</Filter>
    </ClCompile>
  </ItemGroup>
  <ItemGroup>
    <ClInclude Include="src\cxpre.h">
      <Filter>Header Files</Filter>
    </ClInclude>
    <ClInclude Include="src\hpaconf.h">
      <Filter>Header Files</Filter>
    </ClInclude>
    <ClInclude Include="src\xpre.h">
      <Filter>Header Files</Filter>
    </ClInclude>
    <ClInclude Include="src\mp\const07.h">
      <Filter>Header Files\mp</Filter>
    </ClInclude>
    <ClInclude Include="src\mp\const11.h">
      <Filter>Header Files\mp</Filter>
    </ClInclude>
    <ClInclude Include="src\mp\const15.h">
      <Filter>Header Files\mp</Filter>
    </ClInclude>
    <ClInclude Include="src\mp\const19.h">
      <Filter>Header Files\mp</Filter>
    </ClInclude>
    <ClInclude Include="src\mp\const23.h">
      <Filter>Header Files\mp</Filter>
    </ClInclude>
    <ClInclude Include="src\mp\const27.h">
      <Filter>Header Files\mp</Filter>
    </ClInclude>
    <ClInclude Include="src\mp\const31.h">
      <Filter>Header Files\mp</Filter>
    </ClInclude>
  </ItemGroup>
  <ItemGroup>
    <None Include="ReadMe.txt" />
  </ItemGroup>
</Project>