<?xml version="1.0" encoding="utf-8"?>
<Project ToolsVersion="4.0" xmlns="http://schemas.microsoft.com/developer/msbuild/2003">
  <ItemGroup>
    <Filter Include="Source Files">
      <UniqueIdentifier>{4FC737F1-C7A5-4376-A066-2A32D752A2FF}</UniqueIdentifier>
      <Extensions>cpp;cxx;c;def</Extensions>
    </Filter>
    <Filter Include="Header Files">
      <UniqueIdentifier>{93995380-89BD-4b04-88EB-625FBE52EBFB}</UniqueIdentifier>
      <Extensions>h</Extensions>
    </Filter>
    <Filter Include="Form Files">
      <UniqueIdentifier>{99349809-55BA-4b9d-BF79-8FDBB0286EB3}</UniqueIdentifier>
      <Extensions>ui</Extensions>
    </Filter>
    <Filter Include="Resource Files">
      <UniqueIdentifier>{D9D6E242-F8AF-46E4-B9FD-80ECBC20BA3E}</UniqueIdentifier>
      <Extensions>qrc;*</Extensions>
      <ParseFiles>false</ParseFiles>
    </Filter>
    <Filter Include="Generated Files">
      <UniqueIdentifier>{71ED8ED8-ACB9-4CE9-BBE1-E00B30144E11}</UniqueIdentifier>
      <Extensions>moc;h;cpp</Extensions>
      <SourceControlFiles>False</SourceControlFiles>
    </Filter>
    <Filter Include="Generated Files\Debug">
      <UniqueIdentifier>{d9c4d3aa-bf88-42a2-9e0c-2244604eac06}</UniqueIdentifier>
      <Extensions>cpp;moc</Extensions>
      <SourceControlFiles>False</SourceControlFiles>
    </Filter>
    <Filter Include="Generated Files\Release">
      <UniqueIdentifier>{855d6027-e44f-461c-bfd1-d6fd4c5b3d06}</UniqueIdentifier>
      <Extensions>cpp;moc</Extensions>
      <SourceControlFiles>False</SourceControlFiles>
    </Filter>
    <Filter Include="CL">
      <UniqueIdentifier>{e5f32e68-392d-49b4-93ce-5c05d101fba0}</UniqueIdentifier>
    </Filter>
    <Filter Include="Generated Files\Kernel Debug">
      <UniqueIdentifier>{4adc1b6e-7a4c-46f4-af05-dc3b9df1da6b}</UniqueIdentifier>
      <Extensions>cpp;moc</Extensions>
      <SourceControlFiles>False</SourceControlFiles>
    </Filter>
  </ItemGroup>
  <ItemGroup>
    <ClCompile Include="main.cpp">
      <Filter>Source Files</Filter>
    </ClCompile>
    <ClCompile Include="galaxy1.cpp">
      <Filter>Source Files</Filter>
    </ClCompile>
    <ClCompile Include="GeneratedFiles\qrc_galaxy1.cpp">
      <Filter>Generated Files</Filter>
    </ClCompile>
    <ClCompile Include="OpenCLWrappers.cpp">
      <Filter>Source Files</Filter>
    </ClCompile>
    <ClCompile Include="BHTree.cpp">
      <Filter>Source Files</Filter>
    </ClCompile>
    <ClCompile Include="GalaxySim.cpp">
      <Filter>Source Files</Filter>
    </ClCompile>
    <ClCompile Include="GeneratedFiles\Debug\moc_GalaxySim.cpp">
      <Filter>Generated Files\Debug</Filter>
    </ClCompile>
    <ClCompile Include="GeneratedFiles\Release\moc_GalaxySim.cpp">
      <Filter>Generated Files\Release</Filter>
    </ClCompile>
    <ClCompile Include="GeneratedFiles\Kernel Debug\moc_GalaxySim.cpp">
      <Filter>Generated Files\Kernel Debug</Filter>
    </ClCompile>
    <ClCompile Include="GeneratedFiles\Debug\moc_galaxy1.cpp">
      <Filter>Generated Files\Debug</Filter>
    </ClCompile>
    <ClCompile Include="GeneratedFiles\Release\moc_galaxy1.cpp">
      <Filter>Generated Files\Release</Filter>
    </ClCompile>
    <ClCompile Include="GeneratedFiles\Kernel Debug\moc_galaxy1.cpp">
      <Filter>Generated Files\Kernel Debug</Filter>
    </ClCompile>
    <ClCompile Include="GeneratedFiles\Debug\moc_GalaxySimGLWidget.cpp">
      <Filter>Generated Files\Debug</Filter>
    </ClCompile>
    <ClCompile Include="GeneratedFiles\Kernel Debug\moc_GalaxySimGLWidget.cpp">
      <Filter>Generated Files\Kernel Debug</Filter>
    </ClCompile>
    <ClCompile Include="GeneratedFiles\Release\moc_GalaxySimGLWidget.cpp">
      <Filter>Generated Files\Release</Filter>
    </ClCompile>
  </ItemGroup>
  <ItemGroup>
    <CustomBuild Include="galaxy1.h">
      <Filter>Header Files</Filter>
    </CustomBuild>
    <CustomBuild Include="galaxy1.ui">
      <Filter>Form Files</Filter>
    </CustomBuild>
    <CustomBuild Include="galaxy1.qrc">
      <Filter>Resource Files</Filter>
    </CustomBuild>
    <CustomBuild Include="GalaxySim.h">
      <Filter>Header Files</Filter>
    </CustomBuild>
    <CustomBuild Include="GalaxyWidget.ui">
      <Filter>Form Files</Filter>
    </CustomBuild>
    <CustomBuild Include="GalaxySimGLWidget.h">
      <Filter>Header Files</Filter>
    </CustomBuild>
  </ItemGroup>
  <ItemGroup>
    <ClInclude Include="GeneratedFiles\ui_galaxy1.h">
      <Filter>Generated Files</Filter>
    </ClInclude>
    <ClInclude Include="OpenCLWrappers.h">
      <Filter>Header Files</Filter>
    </ClInclude>
    <ClInclude Include="BHTree.h">
      <Filter>Header Files</Filter>
    </ClInclude>
    <ClInclude Include="galaxy_c.h">
      <Filter>Header Files</Filter>
    </ClInclude>
    <ClInclude Include="GeneratedFiles\ui_GalaxyWidget.h">
      <Filter>Generated Files</Filter>
    </ClInclude>
  </ItemGroup>
  <ItemGroup>
    <None Include="OpenCLWrappers.inl">
      <Filter>Header Files</Filter>
    </None>
    <None Include="..\Data\CL\test.cl">
      <Filter>CL</Filter>
    </None>
    <None Include="..\Data\CL\gravity.cl">
      <Filter>CL</Filter>
    </None>
    <None Include="..\Data\CL\move.cl">
      <Filter>CL</Filter>
    </None>
    <None Include="..\Data\CL\gravity_basic.cl">
      <Filter>CL</Filter>
    </None>
  </ItemGroup>
</Project>